{
  "name": "gemini-test-3",
  "version": "1.0.0",
  "license": "ISC",
  "scripts": {
    "build": "tailwindcss -i ./css/input.css -o ./css/output.css --minify",
    "dev": "tailwindcss -i ./css/input.css -o ./css/output.css --watch",
    "start": "npx serve . -p $PORT"
  },
  "devDependencies": {
    "tailwindcss": "^4.1.12"
  },
  "dependencies": {
    "serve": "^14.0.0"
  }
}
